
Microsoft Visual Studio Solution File, Format Version 12.00
Project("{FAE04EC0-301F-11D3-BF4B-00C04F79EFBC}") = "BlockChain", "BlockChain\BlockChain.csproj", "{4939AB3B-93D2-4B4F-8C7F-95F81C0F5B7C}"
EndProject
Project("{FAE04EC0-301F-11D3-BF4B-00C04F79EFBC}") = "RSA", "RSA\RSA.csproj", "{1039A032-CBBB-48A9-AADE-C344802F8144}"
EndProject
Global
	GlobalSection(SolutionConfigurationPlatforms) = preSolution
		Debug|Any CPU = Debug|Any CPU
		Release|Any CPU = Release|Any CPU
	EndGlobalSection
	GlobalSection(ProjectConfigurationPlatforms) = postSolution
		{4939AB3B-93D2-4B4F-8C7F-95F81C0F5B7C}.Debug|Any CPU.ActiveCfg = Debug|Any CPU
		{4939AB3B-93D2-4B4F-8C7F-95F81C0F5B7C}.Debug|Any CPU.Build.0 = Debug|Any CPU
		{4939AB3B-93D2-4B4F-8C7F-95F81C0F5B7C}.Release|Any CPU.ActiveCfg = Release|Any CPU
		{4939AB3B-93D2-4B4F-8C7F-95F81C0F5B7C}.Release|Any CPU.Build.0 = Release|Any CPU
		{1039A032-CBBB-48A9-AADE-C344802F8144}.Debug|Any CPU.ActiveCfg = Debug|Any CPU
		{1039A032-CBBB-48A9-AADE-C344802F8144}.Debug|Any CPU.Build.0 = Debug|Any CPU
		{1039A032-CBBB-48A9-AADE-C344802F8144}.Release|Any CPU.ActiveCfg = Release|Any CPU
		{1039A032-CBBB-48A9-AADE-C344802F8144}.Release|Any CPU.Build.0 = Release|Any CPU
	EndGlobalSection
EndGlobal
