
Microsoft Visual Studio Solution File, Format Version 12.00
# Visual Studio Version 16
VisualStudioVersion = 16.0.29403.142
MinimumVisualStudioVersion = 10.0.40219.1
Project("{9A19103F-16F7-4668-BE54-9A1E7A4F7556}") = "BlockChain", "BlockChain\BlockChain.csproj", "{4939AB3B-93D2-4B4F-8C7F-95F81C0F5B7C}"
EndProject
Project("{9A19103F-16F7-4668-BE54-9A1E7A4F7556}") = "RSA", "RSA\RSA.csproj", "{1039A032-CBBB-48A9-AADE-C344802F8144}"
EndProject
Project("{FAE04EC0-301F-11D3-BF4B-00C04F79EFBC}") = "BlockChainC", "BlockChainC\BlockChainC.csproj", "{982AA164-55AA-4C7C-A2C8-1B2CB16F7748}"
EndProject
Global
	GlobalSection(SolutionConfigurationPlatforms) = preSolution
		Debug|Any CPU = Debug|Any CPU
		Release|Any CPU = Release|Any CPU
	EndGlobalSection
	GlobalSection(ProjectConfigurationPlatforms) = postSolution
		{4939AB3B-93D2-4B4F-8C7F-95F81C0F5B7C}.Debug|Any CPU.ActiveCfg = Debug|Any CPU
		{4939AB3B-93D2-4B4F-8C7F-95F81C0F5B7C}.Debug|Any CPU.Build.0 = Debug|Any CPU
		{4939AB3B-93D2-4B4F-8C7F-95F81C0F5B7C}.Release|Any CPU.ActiveCfg = Release|Any CPU
		{4939AB3B-93D2-4B4F-8C7F-95F81C0F5B7C}.Release|Any CPU.Build.0 = Release|Any CPU
		{1039A032-CBBB-48A9-AADE-C344802F8144}.Debug|Any CPU.ActiveCfg = Debug|Any CPU
		{1039A032-CBBB-48A9-AADE-C344802F8144}.Debug|Any CPU.Build.0 = Debug|Any CPU
		{1039A032-CBBB-48A9-AADE-C344802F8144}.Release|Any CPU.ActiveCfg = Release|Any CPU
		{1039A032-CBBB-48A9-AADE-C344802F8144}.Release|Any CPU.Build.0 = Release|Any CPU
		{982AA164-55AA-4C7C-A2C8-1B2CB16F7748}.Debug|Any CPU.ActiveCfg = Debug|Any CPU
		{982AA164-55AA-4C7C-A2C8-1B2CB16F7748}.Debug|Any CPU.Build.0 = Debug|Any CPU
		{982AA164-55AA-4C7C-A2C8-1B2CB16F7748}.Release|Any CPU.ActiveCfg = Release|Any CPU
		{982AA164-55AA-4C7C-A2C8-1B2CB16F7748}.Release|Any CPU.Build.0 = Release|Any CPU
	EndGlobalSection
	GlobalSection(SolutionProperties) = preSolution
		HideSolutionNode = FALSE
	EndGlobalSection
	GlobalSection(ExtensibilityGlobals) = postSolution
		SolutionGuid = {555DAE8C-6D60-4A6D-84AF-143CB4803ECF}
	EndGlobalSection
EndGlobal
